
Microsoft Visual Studio Solution File, Format Version 12.00
# Visual Studio Version 17
VisualStudioVersion = 17.6.33829.357
MinimumVisualStudioVersion = 10.0.40219.1
Project("{FAE04EC0-301F-11D3-BF4B-00C04F79EFBC}") = "RUS-LV", "RUS-LV\RUS-LV.csproj", "{11A856B9-D4FF-4087-8A32-6E9CD1BB674B}"
EndProject
Global
	GlobalSection(SolutionConfigurationPlatforms) = preSolution
		Debug|Any CPU = Debug|Any CPU
		Release|Any CPU = Release|Any CPU
	EndGlobalSection
	GlobalSection(ProjectConfigurationPlatforms) = postSolution
		{11A856B9-D4FF-4087-8A32-6E9CD1BB674B}.Debug|Any CPU.ActiveCfg = Debug|Any CPU
		{11A856B9-D4FF-4087-8A32-6E9CD1BB674B}.Debug|Any CPU.Build.0 = Debug|Any CPU
		{11A856B9-D4FF-4087-8A32-6E9CD1BB674B}.Release|Any CPU.ActiveCfg = Release|Any CPU
		{11A856B9-D4FF-4087-8A32-6E9CD1BB674B}.Release|Any CPU.Build.0 = Release|Any CPU
	EndGlobalSection
	GlobalSection(SolutionProperties) = preSolution
		HideSolutionNode = FALSE
	EndGlobalSection
	GlobalSection(ExtensibilityGlobals) = postSolution
		SolutionGuid = {4464BFF9-0839-4E23-A2AB-3762D96A16B3}
	EndGlobalSection
EndGlobal
